schema: '2.0'
stages:
  extract_data:
    cmd: python -m src.features.extract
    deps:
    - path: src/features/extract.py
      md5: fefb0bd84eacbe84f990c43c76849c4a
      size: 179
    outs:
    - path: data/raw
      md5: 7be650a196bf092d88cd6a36e33a609f.dir
      size: 8483448
      nfiles: 1
  prepare:
    cmd: python -m src.features.prepare
    deps:
    - path: data/raw/raw_data.csv
      md5: 5fc37783644eff9cfeb9b62d84a1a63a
      size: 8483448
    - path: src/features/prepare.py
      md5: 8d08d7573da9353f4af69c2d8ce8a632
      size: 782
    params:
      params.yaml:
        prepare.random_state: 2023
        prepare.test_size: 0.2
        prepare.train_size: 0.8
    outs:
    - path: data/processed/test
      md5: 7984ac5f5536cf24730d196add6850ea
      size: 1641089
    - path: data/processed/train
      md5: f09fe5d5e5d3b86527b08d7b238db0df
      size: 6528888
