schema: '2.0'
stages:
  extract_data:
    cmd: python -m src.features.extract
    deps:
    - path: src/features/extract.py
      md5: 09796cedecb8a41599b6941f9a4c463f
      size: 190
    outs:
    - path: data/raw
      md5: 7be650a196bf092d88cd6a36e33a609f.dir
      size: 8483448
      nfiles: 1
  prepare:
    cmd: python -m src.features.prepare
    deps:
    - path: data/raw/raw_data.csv
      md5: 5fc37783644eff9cfeb9b62d84a1a63a
      size: 8483448
    - path: src/features/prepare.py
      md5: 79c03ad64d2feb6d7cee6dc7fe3c4a1a
      size: 1065
    params:
      params.yaml:
        prepare.random_state: 2023
        prepare.test_size: 0.2
        prepare.train_size: 0.8
    outs:
    - path: data/processed/test
      md5: 960c7487c0289a7e2eeb838d0a13355b.dir
      size: 1641089
      nfiles: 1
    - path: data/processed/train
      md5: e7bd57e3181a791fd9721422e5f6e4c3.dir
      size: 6528888
      nfiles: 1
